
Microsoft Visual Studio Solution File, Format Version 12.00
# Visual Studio Version 18
VisualStudioVersion = 18.5.11612.153
MinimumVisualStudioVersion = 10.0.40219.1
Project("{FAE04EC0-301F-11D3-BF4B-00C04F79EFBC}") = "TechSolutions_IPS_HW", "TechSolutions_IPS_HW.csproj", "{5F0A5223-66C7-BF6A-8556-1084E30D4B46}"
EndProject
Project("{FAE04EC0-301F-11D3-BF4B-00C04F79EFBC}") = "TechSolutions_IPS_HW.Tests", "TechSolutions_IPS_HW.Tests\TechSolutions_IPS_HW.Tests.csproj", "{3778D46C-7F8D-4E35-AF47-51A7AAAA50E7}"
EndProject
Global
	GlobalSection(SolutionConfigurationPlatforms) = preSolution
		Debug|Any CPU = Debug|Any CPU
		Debug|x64 = Debug|x64
		Debug|x86 = Debug|x86
		Release|Any CPU = Release|Any CPU
		Release|x64 = Release|x64
		Release|x86 = Release|x86
	EndGlobalSection
	GlobalSection(ProjectConfigurationPlatforms) = postSolution
		{5F0A5223-66C7-BF6A-8556-1084E30D4B46}.Debug|Any CPU.ActiveCfg = Debug|Any CPU
		{5F0A5223-66C7-BF6A-8556-1084E30D4B46}.Debug|Any CPU.Build.0 = Debug|Any CPU
		{5F0A5223-66C7-BF6A-8556-1084E30D4B46}.Debug|x64.ActiveCfg = Debug|Any CPU
		{5F0A5223-66C7-BF6A-8556-1084E30D4B46}.Debug|x64.Build.0 = Debug|Any CPU
		{5F0A5223-66C7-BF6A-8556-1084E30D4B46}.Debug|x86.ActiveCfg = Debug|Any CPU
		{5F0A5223-66C7-BF6A-8556-1084E30D4B46}.Debug|x86.Build.0 = Debug|Any CPU
		{5F0A5223-66C7-BF6A-8556-1084E30D4B46}.Release|Any CPU.ActiveCfg = Release|Any CPU
		{5F0A5223-66C7-BF6A-8556-1084E30D4B46}.Release|Any CPU.Build.0 = Release|Any CPU
		{5F0A5223-66C7-BF6A-8556-1084E30D4B46}.Release|x64.ActiveCfg = Release|Any CPU
		{5F0A5223-66C7-BF6A-8556-1084E30D4B46}.Release|x64.Build.0 = Release|Any CPU
		{5F0A5223-66C7-BF6A-8556-1084E30D4B46}.Release|x86.ActiveCfg = Release|Any CPU
		{5F0A5223-66C7-BF6A-8556-1084E30D4B46}.Release|x86.Build.0 = Release|Any CPU
		{3778D46C-7F8D-4E35-AF47-51A7AAAA50E7}.Debug|Any CPU.ActiveCfg = Debug|Any CPU
		{3778D46C-7F8D-4E35-AF47-51A7AAAA50E7}.Debug|Any CPU.Build.0 = Debug|Any CPU
		{3778D46C-7F8D-4E35-AF47-51A7AAAA50E7}.Debug|x64.ActiveCfg = Debug|Any CPU
		{3778D46C-7F8D-4E35-AF47-51A7AAAA50E7}.Debug|x64.Build.0 = Debug|Any CPU
		{3778D46C-7F8D-4E35-AF47-51A7AAAA50E7}.Debug|x86.ActiveCfg = Debug|Any CPU
		{3778D46C-7F8D-4E35-AF47-51A7AAAA50E7}.Debug|x86.Build.0 = Debug|Any CPU
		{3778D46C-7F8D-4E35-AF47-51A7AAAA50E7}.Release|Any CPU.ActiveCfg = Release|Any CPU
		{3778D46C-7F8D-4E35-AF47-51A7AAAA50E7}.Release|Any CPU.Build.0 = Release|Any CPU
		{3778D46C-7F8D-4E35-AF47-51A7AAAA50E7}.Release|x64.ActiveCfg = Release|Any CPU
		{3778D46C-7F8D-4E35-AF47-51A7AAAA50E7}.Release|x64.Build.0 = Release|Any CPU
		{3778D46C-7F8D-4E35-AF47-51A7AAAA50E7}.Release|x86.ActiveCfg = Release|Any CPU
		{3778D46C-7F8D-4E35-AF47-51A7AAAA50E7}.Release|x86.Build.0 = Release|Any CPU
	EndGlobalSection
	GlobalSection(SolutionProperties) = preSolution
		HideSolutionNode = FALSE
	EndGlobalSection
	GlobalSection(ExtensibilityGlobals) = postSolution
		SolutionGuid = {CEEB5AD3-5650-450B-B5CA-F56B0E5F5D0F}
	EndGlobalSection
EndGlobal
